// !$*UTF8*$!
{
	archiveVersion = 1;
	classes = {
	};
	objectVersion = 50;
	objects = {

/* Begin PBXBuildFile section */
		201274AF244EDD90004BCE4E /* AppDelegate.swift in Sources */ = {isa = PBXBuildFile; fileRef = 201274AE244EDD90004BCE4E /* AppDelegate.swift */; };
		201274B1244EDD90004BCE4E /* SceneDelegate.swift in Sources */ = {isa = PBXBuildFile; fileRef = 201274B0244EDD90004BCE4E /* SceneDelegate.swift */; };
		201274B3244EDD90004BCE4E /* ViewController.swift in Sources */ = {isa = PBXBuildFile; fileRef = 201274B2244EDD90004BCE4E /* ViewController.swift */; };
		201274B6244EDD90004BCE4E /* Main.storyboard in Resources */ = {isa = PBXBuildFile; fileRef = 201274B4244EDD90004BCE4E /* Main.storyboard */; };
		201274B8244EDD92004BCE4E /* Assets.xcassets in Resources */ = {isa = PBXBuildFile; fileRef = 201274B7244EDD92004BCE4E /* Assets.xcassets */; };
		201274BB244EDD92004BCE4E /* LaunchScreen.storyboard in Resources */ = {isa = PBXBuildFile; fileRef = 201274B9244EDD92004BCE4E /* LaunchScreen.storyboard */; };
		201274C6244EDD92004BCE4E /* FireBase001UITests.swift in Sources */ = {isa = PBXBuildFile; fileRef = 201274C5244EDD92004BCE4E /* FireBase001UITests.swift */; };
		201274D1244EDE47004BCE4E /* GoogleService-Info.plist in Resources */ = {isa = PBXBuildFile; fileRef = 201274D0244EDE47004BCE4E /* GoogleService-Info.plist */; };
		2639D3390EFBE74815ACF4F2 /* Pods_FireBase001.framework in Frameworks */ = {isa = PBXBuildFile; fileRef = 459BCA57F61586F03A291228 /* Pods_FireBase001.framework */; };
		7E9DE09F5AFE1A5C4FACCDE8 /* Pods_FireBase001_FireBase001UITests.framework in Frameworks */ = {isa = PBXBuildFile; fileRef = B02A455F613E5667FFEC978B /* Pods_FireBase001_FireBase001UITests.framework */; };
/* End PBXBuildFile section */

/* Begin PBXContainerItemProxy section */
		201274C2244EDD92004BCE4E /* PBXContainerItemProxy */ = {
			isa = PBXContainerItemProxy;
			containerPortal = 201274A3244EDD90004BCE4E /* Project object */;
			proxyType = 1;
			remoteGlobalIDString = 201274AA244EDD90004BCE4E;
			remoteInfo = FireBase001;
		};
/* End PBXContainerItemProxy section */

/* Begin PBXFileReference section */
		201274AB244EDD90004BCE4E /* FireBase001.app */ = {isa = PBXFileReference; explicitFileType = wrapper.application; includeInIndex = 0; path = FireBase001.app; sourceTree = BUILT_PRODUCTS_DIR; };
		201274AE244EDD90004BCE4E /* AppDelegate.swift */ = {isa = PBXFileReference; lastKnownFileType = sourcecode.swift; path = AppDelegate.swift; sourceTree = "<group>"; };
		201274B0244EDD90004BCE4E /* SceneDelegate.swift */ = {isa = PBXFileReference; lastKnownFileType = sourcecode.swift; path = SceneDelegate.swift; sourceTree = "<group>"; };
		201274B2244EDD90004BCE4E /* ViewController.swift */ = {isa = PBXFileReference; lastKnownFileType = sourcecode.swift; path = ViewController.swift; sourceTree = "<group>"; };
		201274B5244EDD90004BCE4E /* Base */ = {isa = PBXFileReference; lastKnownFileType = file.storyboard; name = Base; path = Base.lproj/Main.storyboard; sourceTree = "<group>"; };
		201274B7244EDD92004BCE4E /* Assets.xcassets */ = {isa = PBXFileReference; lastKnownFileType = folder.assetcatalog; path = Assets.xcassets; sourceTree = "<group>"; };
		201274BA244EDD92004BCE4E /* Base */ = {isa = PBXFileReference; lastKnownFileType = file.storyboard; name = Base; path = Base.lproj/LaunchScreen.storyboard; sourceTree = "<group>"; };
		201274BC244EDD92004BCE4E /* Info.plist */ = {isa = PBXFileReference; lastKnownFileType = text.plist.xml; path = Info.plist; sourceTree = "<group>"; };
		201274C1244EDD92004BCE4E /* FireBase001UITests.xctest */ = {isa = PBXFileReference; explicitFileType = wrapper.cfbundle; includeInIndex = 0; path = FireBase001UITests.xctest; sourceTree = BUILT_PRODUCTS_DIR; };
		201274C5244EDD92004BCE4E /* FireBase001UITests.swift */ = {isa = PBXFileReference; lastKnownFileType = sourcecode.swift; path = FireBase001UITests.swift; sourceTree = "<group>"; };
		201274C7244EDD92004BCE4E /* Info.plist */ = {isa = PBXFileReference; lastKnownFileType = text.plist.xml; path = Info.plist; sourceTree = "<group>"; };
		201274D0244EDE47004BCE4E /* GoogleService-Info.plist */ = {isa = PBXFileReference; fileEncoding = 4; lastKnownFileType = text.plist.xml; path = "GoogleService-Info.plist"; sourceTree = "<group>"; };
		459BCA57F61586F03A291228 /* Pods_FireBase001.framework */ = {isa = PBXFileReference; explicitFileType = wrapper.framework; includeInIndex = 0; path = Pods_FireBase001.framework; sourceTree = BUILT_PRODUCTS_DIR; };
		8BF97F7ADB2E9D0AA770BBB8 /* Pods-FireBase001-FireBase001UITests.release.xcconfig */ = {isa = PBXFileReference; includeInIndex = 1; lastKnownFileType = text.xcconfig; name = "Pods-FireBase001-FireBase001UITests.release.xcconfig"; path = "Target Support Files/Pods-FireBase001-FireBase001UITests/Pods-FireBase001-FireBase001UITests.release.xcconfig"; sourceTree = "<group>"; };
		8E987AFC059FEF60EDA1DB7F /* Pods-FireBase001.debug.xcconfig */ = {isa = PBXFileReference; includeInIndex = 1; lastKnownFileType = text.xcconfig; name = "Pods-FireBase001.debug.xcconfig"; path = "Target Support Files/Pods-FireBase001/Pods-FireBase001.debug.xcconfig"; sourceTree = "<group>"; };
		A095432408E4A1C92A3D43B2 /* Pods-FireBase001.release.xcconfig */ = {isa = PBXFileReference; includeInIndex = 1; lastKnownFileType = text.xcconfig; name = "Pods-FireBase001.release.xcconfig"; path = "Target Support Files/Pods-FireBase001/Pods-FireBase001.release.xcconfig"; sourceTree = "<group>"; };
		B02A455F613E5667FFEC978B /* Pods_FireBase001_FireBase001UITests.framework */ = {isa = PBXFileReference; explicitFileType = wrapper.framework; includeInIndex = 0; path = Pods_FireBase001_FireBase001UITests.framework; sourceTree = BUILT_PRODUCTS_DIR; };
		EE9751F101D0FE2485DD42ED /* Pods-FireBase001-FireBase001UITests.debug.xcconfig */ = {isa = PBXFileReference; includeInIndex = 1; lastKnownFileType = text.xcconfig; name = "Pods-FireBase001-FireBase001UITests.debug.xcconfig"; path = "Target Support Files/Pods-FireBase001-FireBase001UITests/Pods-FireBase001-FireBase001UITests.debug.xcconfig"; sourceTree = "<group>"; };
/* End PBXFileReference section */

/* Begin PBXFrameworksBuildPhase section */
		201274A8244EDD90004BCE4E /* Frameworks */ = {
			isa = PBXFrameworksBuildPhase;
			buildActionMask = 2147483647;
			files = (
				2639D3390EFBE74815ACF4F2 /* Pods_FireBase001.framework in Frameworks */,
			);
			runOnlyForDeploymentPostprocessing = 0;
		};
		201274BE244EDD92004BCE4E /* Frameworks */ = {
			isa = PBXFrameworksBuildPhase;
			buildActionMask = 2147483647;
			files = (
				7E9DE09F5AFE1A5C4FACCDE8 /* Pods_FireBase001_FireBase001UITests.framework in Frameworks */,
			);
			runOnlyForDeploymentPostprocessing = 0;
		};
/* End PBXFrameworksBuildPhase section */

/* Begin PBXGroup section */
		201274A2244EDD90004BCE4E = {
			isa = PBXGroup;
			children = (
				201274AD244EDD90004BCE4E /* FireBase001 */,
				201274C4244EDD92004BCE4E /* FireBase001UITests */,
				201274AC244EDD90004BCE4E /* Products */,
				709034114D1D1425C99094A8 /* Pods */,
				3F318DE9D617747E2FDFCD3B /* Frameworks */,
			);
			sourceTree = "<group>";
		};
		201274AC244EDD90004BCE4E /* Products */ = {
			isa = PBXGroup;
			children = (
				201274AB244EDD90004BCE4E /* FireBase001.app */,
				201274C1244EDD92004BCE4E /* FireBase001UITests.xctest */,
			);
			name = Products;
			sourceTree = "<group>";
		};
		201274AD244EDD90004BCE4E /* FireBase001 */ = {
			isa = PBXGroup;
			children = (
				201274AE244EDD90004BCE4E /* AppDelegate.swift */,
				201274B0244EDD90004BCE4E /* SceneDelegate.swift */,
				201274B2244EDD90004BCE4E /* ViewController.swift */,
				201274B4244EDD90004BCE4E /* Main.storyboard */,
				201274B7244EDD92004BCE4E /* Assets.xcassets */,
				201274B9244EDD92004BCE4E /* LaunchScreen.storyboard */,
				201274BC244EDD92004BCE4E /* Info.plist */,
				201274D0244EDE47004BCE4E /* GoogleService-Info.plist */,
			);
			path = FireBase001;
			sourceTree = "<group>";
		};
		201274C4244EDD92004BCE4E /* FireBase001UITests */ = {
			isa = PBXGroup;
			children = (
				201274C5244EDD92004BCE4E /* FireBase001UITests.swift */,
				201274C7244EDD92004BCE4E /* Info.plist */,
			);
			path = FireBase001UITests;
			sourceTree = "<group>";
		};
		3F318DE9D617747E2FDFCD3B /* Frameworks */ = {
			isa = PBXGroup;
			children = (
				459BCA57F61586F03A291228 /* Pods_FireBase001.framework */,
				B02A455F613E5667FFEC978B /* Pods_FireBase001_FireBase001UITests.framework */,
			);
			name = Frameworks;
			sourceTree = "<group>";
		};
		709034114D1D1425C99094A8 /* Pods */ = {
			isa = PBXGroup;
			children = (
				8E987AFC059FEF60EDA1DB7F /* Pods-FireBase001.debug.xcconfig */,
				A095432408E4A1C92A3D43B2 /* Pods-FireBase001.release.xcconfig */,
				EE9751F101D0FE2485DD42ED /* Pods-FireBase001-FireBase001UITests.debug.xcconfig */,
				8BF97F7ADB2E9D0AA770BBB8 /* Pods-FireBase001-FireBase001UITests.release.xcconfig */,
			);
			name = Pods;
			path = Pods;
			sourceTree = "<group>";
		};
/* End PBXGroup section */

/* Begin PBXNativeTarget section */
		201274AA244EDD90004BCE4E /* FireBase001 */ = {
			isa = PBXNativeTarget;
			buildConfigurationList = 201274CA244EDD92004BCE4E /* Build configuration list for PBXNativeTarget "FireBase001" */;
			buildPhases = (
				A1BED44D228EEF4F54AAF287 /* [CP] Check Pods Manifest.lock */,
				201274A7244EDD90004BCE4E /* Sources */,
				201274A8244EDD90004BCE4E /* Frameworks */,
				201274A9244EDD90004BCE4E /* Resources */,
				A59167E4B0BB0D530C458E20 /* [CP] Embed Pods Frameworks */,
			);
			buildRules = (
			);
			dependencies = (
			);
			name = FireBase001;
			productName = FireBase001;
			productReference = 201274AB244EDD90004BCE4E /* FireBase001.app */;
			productType = "com.apple.product-type.application";
		};
		201274C0244EDD92004BCE4E /* FireBase001UITests */ = {
			isa = PBXNativeTarget;
			buildConfigurationList = 201274CD244EDD92004BCE4E /* Build configuration list for PBXNativeTarget "FireBase001UITests" */;
			buildPhases = (
				80B35CD75E1B2B45F058F8BC /* [CP] Check Pods Manifest.lock */,
				201274BD244EDD92004BCE4E /* Sources */,
				201274BE244EDD92004BCE4E /* Frameworks */,
				201274BF244EDD92004BCE4E /* Resources */,
				6377C152CF562A9EDECC83DF /* [CP] Embed Pods Frameworks */,
			);
			buildRules = (
			);
			dependencies = (
				201274C3244EDD92004BCE4E /* PBXTargetDependency */,
			);
			name = FireBase001UITests;
			productName = FireBase001UITests;
			productReference = 201274C1244EDD92004BCE4E /* FireBase001UITests.xctest */;
			productType = "com.apple.product-type.bundle.ui-testing";
		};
/* End PBXNativeTarget section */

/* Begin PBXProject section */
		201274A3244EDD90004BCE4E /* Project object */ = {
			isa = PBXProject;
			attributes = {
				LastSwiftUpdateCheck = 1130;
				LastUpgradeCheck = 1130;
				ORGANIZATIONNAME = Hoang;
				TargetAttributes = {
					201274AA244EDD90004BCE4E = {
						CreatedOnToolsVersion = 11.3.1;
					};
					201274C0244EDD92004BCE4E = {
						CreatedOnToolsVersion = 11.3.1;
						TestTargetID = 201274AA244EDD90004BCE4E;
					};
				};
			};
			buildConfigurationList = 201274A6244EDD90004BCE4E /* Build configuration list for PBXProject "FireBase001" */;
			compatibilityVersion = "Xcode 9.3";
			developmentRegion = en;
			hasScannedForEncodings = 0;
			knownRegions = (
				en,
				Base,
			);
			mainGroup = 201274A2244EDD90004BCE4E;
			productRefGroup = 201274AC244EDD90004BCE4E /* Products */;
			projectDirPath = "";
			projectRoot = "";
			targets = (
				201274AA244EDD90004BCE4E /* FireBase001 */,
				201274C0244EDD92004BCE4E /* FireBase001UITests */,
			);
		};
/* End PBXProject section */

/* Begin PBXResourcesBuildPhase section */
		201274A9244EDD90004BCE4E /* Resources */ = {
			isa = PBXResourcesBuildPhase;
			buildActionMask = 2147483647;
			files = (
				201274BB244EDD92004BCE4E /* LaunchScreen.storyboard in Resources */,
				201274D1244EDE47004BCE4E /* GoogleService-Info.plist in Resources */,
				201274B8244EDD92004BCE4E /* Assets.xcassets in Resources */,
				201274B6244EDD90004BCE4E /* Main.storyboard in Resources */,
			);
			runOnlyForDeploymentPostprocessing = 0;
		};
		201274BF244EDD92004BCE4E /* Resources */ = {
			isa = PBXResourcesBuildPhase;
			buildActionMask = 2147483647;
			files = (
			);
			runOnlyForDeploymentPostprocessing = 0;
		};
/* End PBXResourcesBuildPhase section */

/* Begin PBXShellScriptBuildPhase section */
		6377C152CF562A9EDECC83DF /* [CP] Embed Pods Frameworks */ = {
			isa = PBXShellScriptBuildPhase;
			buildActionMask = 2147483647;
			files = (
			);
			inputFileListPaths = (
				"${PODS_ROOT}/Target Support Files/Pods-FireBase001-FireBase001UITests/Pods-FireBase001-FireBase001UITests-frameworks-${CONFIGURATION}-input-files.xcfilelist",
			);
			name = "[CP] Embed Pods Frameworks";
			outputFileListPaths = (
				"${PODS_ROOT}/Target Support Files/Pods-FireBase001-FireBase001UITests/Pods-FireBase001-FireBase001UITests-frameworks-${CONFIGURATION}-output-files.xcfilelist",
			);
			runOnlyForDeploymentPostprocessing = 0;
			shellPath = /bin/sh;
			shellScript = "\"${PODS_ROOT}/Target Support Files/Pods-FireBase001-FireBase001UITests/Pods-FireBase001-FireBase001UITests-frameworks.sh\"\n";
			showEnvVarsInLog = 0;
		};
		80B35CD75E1B2B45F058F8BC /* [CP] Check Pods Manifest.lock */ = {
			isa = PBXShellScriptBuildPhase;
			buildActionMask = 2147483647;
			files = (
			);
			inputFileListPaths = (
			);
			inputPaths = (
				"${PODS_PODFILE_DIR_PATH}/Podfile.lock",
				"${PODS_ROOT}/Manifest.lock",
			);
			name = "[CP] Check Pods Manifest.lock";
			outputFileListPaths = (
			);
			outputPaths = (
				"$(DERIVED_FILE_DIR)/Pods-FireBase001-FireBase001UITests-checkManifestLockResult.txt",
			);
			runOnlyForDeploymentPostprocessing = 0;
			shellPath = /bin/sh;
			shellScript = "diff \"${PODS_PODFILE_DIR_PATH}/Podfile.lock\" \"${PODS_ROOT}/Manifest.lock\" > /dev/null\nif [ $? != 0 ] ; then\n    # print error to STDERR\n    echo \"error: The sandbox is not in sync with the Podfile.lock. Run 'pod install' or update your CocoaPods installation.\" >&2\n    exit 1\nfi\n# This output is used by Xcode 'outputs' to avoid re-running this script phase.\necho \"SUCCESS\" > \"${SCRIPT_OUTPUT_FILE_0}\"\n";
			showEnvVarsInLog = 0;
		};
		A1BED44D228EEF4F54AAF287 /* [CP] Check Pods Manifest.lock */ = {
			isa = PBXShellScriptBuildPhase;
			buildActionMask = 2147483647;
			files = (
			);
			inputFileListPaths = (
			);
			inputPaths = (
				"${PODS_PODFILE_DIR_PATH}/Podfile.lock",
				"${PODS_ROOT}/Manifest.lock",
			);
			name = "[CP] Check Pods Manifest.lock";
			outputFileListPaths = (
			);
			outputPaths = (
				"$(DERIVED_FILE_DIR)/Pods-FireBase001-checkManifestLockResult.txt",
			);
			runOnlyForDeploymentPostprocessing = 0;
			shellPath = /bin/sh;
			shellScript = "diff \"${PODS_PODFILE_DIR_PATH}/Podfile.lock\" \"${PODS_ROOT}/Manifest.lock\" > /dev/null\nif [ $? != 0 ] ; then\n    # print error to STDERR\n    echo \"error: The sandbox is not in sync with the Podfile.lock. Run 'pod install' or update your CocoaPods installation.\" >&2\n    exit 1\nfi\n# This output is used by Xcode 'outputs' to avoid re-running this script phase.\necho \"SUCCESS\" > \"${SCRIPT_OUTPUT_FILE_0}\"\n";
			showEnvVarsInLog = 0;
		};
		A59167E4B0BB0D530C458E20 /* [CP] Embed Pods Frameworks */ = {
			isa = PBXShellScriptBuildPhase;
			buildActionMask = 2147483647;
			files = (
			);
			inputFileListPaths = (
				"${PODS_ROOT}/Target Support Files/Pods-FireBase001/Pods-FireBase001-frameworks-${CONFIGURATION}-input-files.xcfilelist",
			);
			name = "[CP] Embed Pods Frameworks";
			outputFileListPaths = (
				"${PODS_ROOT}/Target Support Files/Pods-FireBase001/Pods-FireBase001-frameworks-${CONFIGURATION}-output-files.xcfilelist",
			);
			runOnlyForDeploymentPostprocessing = 0;
			shellPath = /bin/sh;
			shellScript = "\"${PODS_ROOT}/Target Support Files/Pods-FireBase001/Pods-FireBase001-frameworks.sh\"\n";
			showEnvVarsInLog = 0;
		};
/* End PBXShellScriptBuildPhase section */

/* Begin PBXSourcesBuildPhase section */
		201274A7244EDD90004BCE4E /* Sources */ = {
			isa = PBXSourcesBuildPhase;
			buildActionMask = 2147483647;
			files = (
				201274B3244EDD90004BCE4E /* ViewController.swift in Sources */,
				201274AF244EDD90004BCE4E /* AppDelegate.swift in Sources */,
				201274B1244EDD90004BCE4E /* SceneDelegate.swift in Sources */,
			);
			runOnlyForDeploymentPostprocessing = 0;
		};
		201274BD244EDD92004BCE4E /* Sources */ = {
			isa = PBXSourcesBuildPhase;
			buildActionMask = 2147483647;
			files = (
				201274C6244EDD92004BCE4E /* FireBase001UITests.swift in Sources */,
			);
			runOnlyForDeploymentPostprocessing = 0;
		};
/* End PBXSourcesBuildPhase section */

/* Begin PBXTargetDependency section */
		201274C3244EDD92004BCE4E /* PBXTargetDependency */ = {
			isa = PBXTargetDependency;
			target = 201274AA244EDD90004BCE4E /* FireBase001 */;
			targetProxy = 201274C2244EDD92004BCE4E /* PBXContainerItemProxy */;
		};
/* End PBXTargetDependency section */

/* Begin PBXVariantGroup section */
		201274B4244EDD90004BCE4E /* Main.storyboard */ = {
			isa = PBXVariantGroup;
			children = (
				201274B5244EDD90004BCE4E /* Base */,
			);
			name = Main.storyboard;
			sourceTree = "<group>";
		};
		201274B9244EDD92004BCE4E /* LaunchScreen.storyboard */ = {
			isa = PBXVariantGroup;
			children = (
				201274BA244EDD92004BCE4E /* Base */,
			);
			name = LaunchScreen.storyboard;
			sourceTree = "<group>";
		};
/* End PBXVariantGroup section */

/* Begin XCBuildConfiguration section */
		201274C8244EDD92004BCE4E /* Debug */ = {
			isa = XCBuildConfiguration;
			buildSettings = {
				ALWAYS_SEARCH_USER_PATHS = NO;
				CLANG_ANALYZER_NONNULL = YES;
				CLANG_ANALYZER_NUMBER_OBJECT_CONVERSION = YES_AGGRESSIVE;
				CLANG_CXX_LANGUAGE_STANDARD = "gnu++14";
				CLANG_CXX_LIBRARY = "libc++";
				CLANG_ENABLE_MODULES = YES;
				CLANG_ENABLE_OBJC_ARC = YES;
				CLANG_ENABLE_OBJC_WEAK = YES;
				CLANG_WARN_BLOCK_CAPTURE_AUTORELEASING = YES;
				CLANG_WARN_BOOL_CONVERSION = YES;
				CLANG_WARN_COMMA = YES;
				CLANG_WARN_CONSTANT_CONVERSION = YES;
				CLANG_WARN_DEPRECATED_OBJC_IMPLEMENTATIONS = YES;
				CLANG_WARN_DIRECT_OBJC_ISA_USAGE = YES_ERROR;
				CLANG_WARN_DOCUMENTATION_COMMENTS = YES;
				CLANG_WARN_EMPTY_BODY = YES;
				CLANG_WARN_ENUM_CONVERSION = YES;
				CLANG_WARN_INFINITE_RECURSION = YES;
				CLANG_WARN_INT_CONVERSION = YES;
				CLANG_WARN_NON_LITERAL_NULL_CONVERSION = YES;
				CLANG_WARN_OBJC_IMPLICIT_RETAIN_SELF = YES;
				CLANG_WARN_OBJC_LITERAL_CONVERSION = YES;
				CLANG_WARN_OBJC_ROOT_CLASS = YES_ERROR;
				CLANG_WARN_RANGE_LOOP_ANALYSIS = YES;
				CLANG_WARN_STRICT_PROTOTYPES = YES;
				CLANG_WARN_SUSPICIOUS_MOVE = YES;
				CLANG_WARN_UNGUARDED_AVAILABILITY = YES_AGGRESSIVE;
				CLANG_WARN_UNREACHABLE_CODE = YES;
				CLANG_WARN__DUPLICATE_METHOD_MATCH = YES;
				COPY_PHASE_STRIP = NO;
				DEBUG_INFORMATION_FORMAT = dwarf;
				ENABLE_STRICT_OBJC_MSGSEND = YES;
				ENABLE_TESTABILITY = YES;
				GCC_C_LANGUAGE_STANDARD = gnu11;
				GCC_DYNAMIC_NO_PIC = NO;
				GCC_NO_COMMON_BLOCKS = YES;
				GCC_OPTIMIZATION_LEVEL = 0;
				GCC_PREPROCESSOR_DEFINITIONS = (
					"DEBUG=1",
					"$(inherited)",
				);
				GCC_WARN_64_TO_32_BIT_CONVERSION = YES;
				GCC_WARN_ABOUT_RETURN_TYPE = YES_ERROR;
				GCC_WARN_UNDECLARED_SELECTOR = YES;
				GCC_WARN_UNINITIALIZED_AUTOS = YES_AGGRESSIVE;
				GCC_WARN_UNUSED_FUNCTION = YES;
				GCC_WARN_UNUSED_VARIABLE = YES;
				IPHONEOS_DEPLOYMENT_TARGET = 13.2;
				MTL_ENABLE_DEBUG_INFO = INCLUDE_SOURCE;
				MTL_FAST_MATH = YES;
				ONLY_ACTIVE_ARCH = YES;
				SDKROOT = iphoneos;
				SWIFT_ACTIVE_COMPILATION_CONDITIONS = DEBUG;
				SWIFT_OPTIMIZATION_LEVEL = "-Onone";
			};
			name = Debug;
		};
		201274C9244EDD92004BCE4E /* Release */ = {
			isa = XCBuildConfiguration;
			buildSettings = {
				ALWAYS_SEARCH_USER_PATHS = NO;
				CLANG_ANALYZER_NONNULL = YES;
				CLANG_ANALYZER_NUMBER_OBJECT_CONVERSION = YES_AGGRESSIVE;
				CLANG_CXX_LANGUAGE_STANDARD = "gnu++14";
				CLANG_CXX_LIBRARY = "libc++";
				CLANG_ENABLE_MODULES = YES;
				CLANG_ENABLE_OBJC_ARC = YES;
				CLANG_ENABLE_OBJC_WEAK = YES;
				CLANG_WARN_BLOCK_CAPTURE_AUTORELEASING = YES;
				CLANG_WARN_BOOL_CONVERSION = YES;
				CLANG_WARN_COMMA = YES;
				CLANG_WARN_CONSTANT_CONVERSION = YES;
				CLANG_WARN_DEPRECATED_OBJC_IMPLEMENTATIONS = YES;
				CLANG_WARN_DIRECT_OBJC_ISA_USAGE = YES_ERROR;
				CLANG_WARN_DOCUMENTATION_COMMENTS = YES;
				CLANG_WARN_EMPTY_BODY = YES;
				CLANG_WARN_ENUM_CONVERSION = YES;
				CLANG_WARN_INFINITE_RECURSION = YES;
				CLANG_WARN_INT_CONVERSION = YES;
				CLANG_WARN_NON_LITERAL_NULL_CONVERSION = YES;
				CLANG_WARN_OBJC_IMPLICIT_RETAIN_SELF = YES;
				CLANG_WARN_OBJC_LITERAL_CONVERSION = YES;
				CLANG_WARN_OBJC_ROOT_CLASS = YES_ERROR;
				CLANG_WARN_RANGE_LOOP_ANALYSIS = YES;
				CLANG_WARN_STRICT_PROTOTYPES = YES;
				CLANG_WARN_SUSPICIOUS_MOVE = YES;
				CLANG_WARN_UNGUARDED_AVAILABILITY = YES_AGGRESSIVE;
				CLANG_WARN_UNREACHABLE_CODE = YES;
				CLANG_WARN__DUPLICATE_METHOD_MATCH = YES;
				COPY_PHASE_STRIP = NO;
				DEBUG_INFORMATION_FORMAT = "dwarf-with-dsym";
				ENABLE_NS_ASSERTIONS = NO;
				ENABLE_STRICT_OBJC_MSGSEND = YES;
				GCC_C_LANGUAGE_STANDARD = gnu11;
				GCC_NO_COMMON_BLOCKS = YES;
				GCC_WARN_64_TO_32_BIT_CONVERSION = YES;
				GCC_WARN_ABOUT_RETURN_TYPE = YES_ERROR;
				GCC_WARN_UNDECLARED_SELECTOR = YES;
				GCC_WARN_UNINITIALIZED_AUTOS = YES_AGGRESSIVE;
				GCC_WARN_UNUSED_FUNCTION = YES;
				GCC_WARN_UNUSED_VARIABLE = YES;
				IPHONEOS_DEPLOYMENT_TARGET = 13.2;
				MTL_ENABLE_DEBUG_INFO = NO;
				MTL_FAST_MATH = YES;
				SDKROOT = iphoneos;
				SWIFT_COMPILATION_MODE = wholemodule;
				SWIFT_OPTIMIZATION_LEVEL = "-O";
				VALIDATE_PRODUCT = YES;
			};
			name = Release;
		};
		201274CB244EDD92004BCE4E /* Debug */ = {
			isa = XCBuildConfiguration;
			baseConfigurationReference = 8E987AFC059FEF60EDA1DB7F /* Pods-FireBase001.debug.xcconfig */;
			buildSettings = {
				ASSETCATALOG_COMPILER_APPICON_NAME = AppIcon;
				CODE_SIGN_STYLE = Automatic;
				INFOPLIST_FILE = FireBase001/Info.plist;
				LD_RUNPATH_SEARCH_PATHS = (
					"$(inherited)",
					"@executable_path/Frameworks",
				);
				PRODUCT_BUNDLE_IDENTIFIER = hoangnm.FireBase001;
				PRODUCT_NAME = "$(TARGET_NAME)";
				SWIFT_VERSION = 5.0;
				TARGETED_DEVICE_FAMILY = "1,2";
			};
			name = Debug;
		};
		201274CC244EDD92004BCE4E /* Release */ = {
			isa = XCBuildConfiguration;
			baseConfigurationReference = A095432408E4A1C92A3D43B2 /* Pods-FireBase001.release.xcconfig */;
			buildSettings = {
				ASSETCATALOG_COMPILER_APPICON_NAME = AppIcon;
				CODE_SIGN_STYLE = Automatic;
				INFOPLIST_FILE = FireBase001/Info.plist;
				LD_RUNPATH_SEARCH_PATHS = (
					"$(inherited)",
					"@executable_path/Frameworks",
				);
				PRODUCT_BUNDLE_IDENTIFIER = hoangnm.FireBase001;
				PRODUCT_NAME = "$(TARGET_NAME)";
				SWIFT_VERSION = 5.0;
				TARGETED_DEVICE_FAMILY = "1,2";
			};
			name = Release;
		};
		201274CE244EDD92004BCE4E /* Debug */ = {
			isa = XCBuildConfiguration;
			baseConfigurationReference = EE9751F101D0FE2485DD42ED /* Pods-FireBase001-FireBase001UITests.debug.xcconfig */;
			buildSettings = {
				ALWAYS_EMBED_SWIFT_STANDARD_LIBRARIES = YES;
				CODE_SIGN_STYLE = Automatic;
				INFOPLIST_FILE = FireBase001UITests/Info.plist;
				LD_RUNPATH_SEARCH_PATHS = (
					"$(inherited)",
					"@executable_path/Frameworks",
					"@loader_path/Frameworks",
				);
				PRODUCT_BUNDLE_IDENTIFIER = hoangnm.FireBase001UITests;
				PRODUCT_NAME = "$(TARGET_NAME)";
				SWIFT_VERSION = 5.0;
				TARGETED_DEVICE_FAMILY = "1,2";
				TEST_TARGET_NAME = FireBase001;
			};
			name = Debug;
		};
		201274CF244EDD92004BCE4E /* Release */ = {
			isa = XCBuildConfiguration;
			baseConfigurationReference = 8BF97F7ADB2E9D0AA770BBB8 /* Pods-FireBase001-FireBase001UITests.release.xcconfig */;
			buildSettings = {
				ALWAYS_EMBED_SWIFT_STANDARD_LIBRARIES = YES;
				CODE_SIGN_STYLE = Automatic;
				INFOPLIST_FILE = FireBase001UITests/Info.plist;
				LD_RUNPATH_SEARCH_PATHS = (
					"$(inherited)",
					"@executable_path/Frameworks",
					"@loader_path/Frameworks",
				);
				PRODUCT_BUNDLE_IDENTIFIER = hoangnm.FireBase001UITests;
				PRODUCT_NAME = "$(TARGET_NAME)";
				SWIFT_VERSION = 5.0;
				TARGETED_DEVICE_FAMILY = "1,2";
				TEST_TARGET_NAME = FireBase001;
			};
			name = Release;
		};
/* End XCBuildConfiguration section */

/* Begin XCConfigurationList section */
		201274A6244EDD90004BCE4E /* Build configuration list for PBXProject "FireBase001" */ = {
			isa = XCConfigurationList;
			buildConfigurations = (
				201274C8244EDD92004BCE4E /* Debug */,
				201274C9244EDD92004BCE4E /* Release */,
			);
			defaultConfigurationIsVisible = 0;
			defaultConfigurationName = Release;
		};
		201274CA244EDD92004BCE4E /* Build configuration list for PBXNativeTarget "FireBase001" */ = {
			isa = XCConfigurationList;
			buildConfigurations = (
				201274CB244EDD92004BCE4E /* Debug */,
				201274CC244EDD92004BCE4E /* Release */,
			);
			defaultConfigurationIsVisible = 0;
			defaultConfigurationName = Release;
		};
		201274CD244EDD92004BCE4E /* Build configuration list for PBXNativeTarget "FireBase001UITests" */ = {
			isa = XCConfigurationList;
			buildConfigurations = (
				201274CE244EDD92004BCE4E /* Debug */,
				201274CF244EDD92004BCE4E /* Release */,
			);
			defaultConfigurationIsVisible = 0;
			defaultConfigurationName = Release;
		};
/* End XCConfigurationList section */
	};
	rootObject = 201274A3244EDD90004BCE4E /* Project object */;
}
